# This file was autogenerated by Stack.
# You should not edit this file by hand.
# For more information, please see the documentation at:
#   https://docs.haskellstack.org/en/stable/lock_files

packages:
- completed:
    name: linear-base
    version: 0.1.0.0
    git: https://github.com/tweag/linear-base
    pantry-tree:
      size: 6775
      sha256: 10cebddea112ced7466c52225d4366cb20b9a1cd7936b6f961054a12a95e57fc
    commit: ea89efc9d433f8de47075d85c9126cc955529eaf
  original:
    git: https://github.com/tweag/linear-base
    commit: ea89efc9d433f8de47075d85c9126cc955529eaf
- completed:
    name: QuickCheck
    version: 2.14.1
    git: https://github.com/buggymcbugfix/quickcheck.git
    pantry-tree:
      size: 2719
      sha256: 874c3ed1d4d9c239fba1484529a4bb58b4220cbaa3065fb20b3ae3029d0b0881
    commit: f24fbd0d0f7a03da76c46b31d6fba9678ff5e71c
  original:
    git: https://github.com/buggymcbugfix/quickcheck.git
    commit: f24fbd0d0f7a03da76c46b31d6fba9678ff5e71c
- completed:
    subdir: hedgehog
    name: hedgehog
    version: 1.0.3
    git: https://github.com/utdemir/haskell-hedgehog.git
    pantry-tree:
      size: 2575
      sha256: 3ebaa67ae3925a159ba2dd6f7bf90b927ebc76e0b1f17ff0927e7842c5533d55
    commit: c98aa9e33bf6871098d6f4ac94eeaac10383d696
  original:
    subdir: hedgehog
    git: https://github.com/utdemir/haskell-hedgehog.git
    commit: c98aa9e33bf6871098d6f4ac94eeaac10383d696
- completed:
    name: syb
    version: 0.7.1
    git: https://github.com/utdemir/syb.git
    pantry-tree:
      size: 3587
      sha256: 6593a0726049da4a835b583d6c53131c427297b638d8dd3754df7ca07fc0cc50
    commit: a072e20d7a5806779486646418fa20c5ffd99a4f
  original:
    git: https://github.com/utdemir/syb.git
    commit: a072e20d7a5806779486646418fa20c5ffd99a4f
- completed:
    name: doctest
    version: '0.17'
    git: https://github.com/utdemir/doctest.git
    pantry-tree:
      size: 8784
      sha256: 5de03400235f3ba7405295796211cc16841e8fbd9f2aa1518ede52a9cdf06e39
    commit: 090cccaf12c5643ca80f8c2afe693a488277d365
  original:
    git: https://github.com/utdemir/doctest.git
    commit: 090cccaf12c5643ca80f8c2afe693a488277d365
- completed:
    hackage: random-1.2.0@sha256:4321209c8faedc034810ea8ed0dbc4a36f1a1df97b75af024219f2f533da57de,6094
    pantry-tree:
      size: 1259
      sha256: 29ff0a7ec5bf123e2c40f849b7af163950854a6c08c68b4a1b4364ce7a515af0
  original:
    hackage: random-1.2.0
- completed:
    hackage: splitmix-0.1.0.1@sha256:22f9662e7e8b173421872241edd39350078a9ed4bb9e9f503948c5b483c79276,5253
    pantry-tree:
      size: 1149
      sha256: b9a0c60e2d4786bbb276ce6606027a99615bf703fa3e0f01911e8c6a656c5161
  original:
    hackage: splitmix-0.1.0.1
snapshots:
- completed:
    size: 532380
    url: https://raw.githubusercontent.com/commercialhaskell/stackage-snapshots/master/lts/16/15.yaml
    sha256: 3b5f2a699aa5ed3abbc30410062bf743926f0868ce3eeb5655370c6c6cc1a9f4
  original: lts-16.15
